
Microsoft Visual Studio Solution File, Format Version 12.00
# Visual Studio Version 17
VisualStudioVersion = 17.9.34728.123
MinimumVisualStudioVersion = 10.0.40219.1
Project("{FAE04EC0-301F-11D3-BF4B-00C04F79EFBC}") = "CAR_BD", "CAR_BD\CAR_BD.csproj", "{EB2809B4-999A-4103-BFB4-2032CBDD246C}"
EndProject
Global
	GlobalSection(SolutionConfigurationPlatforms) = preSolution
		Debug|Any CPU = Debug|Any CPU
		Release|Any CPU = Release|Any CPU
	EndGlobalSection
	GlobalSection(ProjectConfigurationPlatforms) = postSolution
		{EB2809B4-999A-4103-BFB4-2032CBDD246C}.Debug|Any CPU.ActiveCfg = Debug|Any CPU
		{EB2809B4-999A-4103-BFB4-2032CBDD246C}.Debug|Any CPU.Build.0 = Debug|Any CPU
		{EB2809B4-999A-4103-BFB4-2032CBDD246C}.Release|Any CPU.ActiveCfg = Release|Any CPU
		{EB2809B4-999A-4103-BFB4-2032CBDD246C}.Release|Any CPU.Build.0 = Release|Any CPU
	EndGlobalSection
	GlobalSection(SolutionProperties) = preSolution
		HideSolutionNode = FALSE
	EndGlobalSection
	GlobalSection(ExtensibilityGlobals) = postSolution
		SolutionGuid = {A4458FFA-BAFB-47C8-8DB5-46F893B536B3}
	EndGlobalSection
EndGlobal
